// !$*UTF8*$!
{
	archiveVersion = 1;
	classes = {
	};
	objectVersion = 77;
	objects = {

/* Begin PBXBuildFile section */
		0A4A8B4E60F52F17B76CEE65 /* AppShortcuts.swift in Sources */ = {isa = PBXBuildFile; fileRef = 6F2A68E38FD976390564D891 /* AppShortcuts.swift */; };
		0A4FB2D9FC5B60BB18976198 /* ArchivoBlack-Regular.ttf in Resources */ = {isa = PBXBuildFile; fileRef = 22B85C265EBF619B30FBCDE3 /* ArchivoBlack-Regular.ttf */; };
		26AAA77446B44AA74DAE4125 /* Assets.xcassets in Resources */ = {isa = PBXBuildFile; fileRef = E0A3EAF5CF0A9A9B2F718664 /* Assets.xcassets */; };
		304ED686A2477563B2C0A5E5 /* ArchivoBlack-Regular.ttf in Resources */ = {isa = PBXBuildFile; fileRef = 22B85C265EBF619B30FBCDE3 /* ArchivoBlack-Regular.ttf */; };
		31DDD18BAFA941863F7CDA08 /* Model.swift in Sources */ = {isa = PBXBuildFile; fileRef = 28A65B5FD4CA3880F87334F4 /* Model.swift */; };
		386CB83292E1FF721D434432 /* SavedStore.swift in Sources */ = {isa = PBXBuildFile; fileRef = 7BF14B9351AF0D217036DE53 /* SavedStore.swift */; };
		567B8AD57804AE8A1B818C9C /* SpeechController.swift in Sources */ = {isa = PBXBuildFile; fileRef = 066ABB7ABE186A4325E6FDFD /* SpeechController.swift */; };
		6FACFEC10FD6C0CDD46FE315 /* NotificationManager.swift in Sources */ = {isa = PBXBuildFile; fileRef = 6D89138887D04E0C6431177B /* NotificationManager.swift */; };
		71F87A1D37B30D5DE80F23E4 /* Model.swift in Sources */ = {isa = PBXBuildFile; fileRef = 28A65B5FD4CA3880F87334F4 /* Model.swift */; };
		7D96010584C4998131982BE6 /* FeedView.swift in Sources */ = {isa = PBXBuildFile; fileRef = 46F2F0B32CD9D61EE32E21B0 /* FeedView.swift */; };
		8CB74891A84F1CFFAB22646D /* PostHog in Frameworks */ = {isa = PBXBuildFile; productRef = F98D643186F132635897CC24 /* PostHog */; };
		92F7E3358DAD8C078C703ECE /* RecordingFlow.swift in Sources */ = {isa = PBXBuildFile; fileRef = D1CB45C71FC33CCED25D0053 /* RecordingFlow.swift */; };
		9CC20AD16D1E0803410052C3 /* Prefs.swift in Sources */ = {isa = PBXBuildFile; fileRef = 01EF49CCDE44331D0CF4CF1A /* Prefs.swift */; };
		A33C453631A4710CA986BDE6 /* NewsService.swift in Sources */ = {isa = PBXBuildFile; fileRef = F36E82F52B727D36FB0781FF /* NewsService.swift */; };
		A84D97BB9B69B26A08511E23 /* TheNuusWidget.appex in Embed Foundation Extensions */ = {isa = PBXBuildFile; fileRef = EAFE0C36DA95F59B0E452E61 /* TheNuusWidget.appex */; settings = {ATTRIBUTES = (RemoveHeadersOnCopy, ); }; };
		AA71575A5FF0D9159A7C49FA /* SiteHeaderView.swift in Sources */ = {isa = PBXBuildFile; fileRef = E4B7BEDDB7F9A2341CBC1538 /* SiteHeaderView.swift */; };
		B10D3F523D4E7F9063C8E25D /* SettingsView.swift in Sources */ = {isa = PBXBuildFile; fileRef = A859A79C3D40B2226CBD8CD5 /* SettingsView.swift */; };
		C9A4083D51E7E6E8E1C4A82B /* SplashView.swift in Sources */ = {isa = PBXBuildFile; fileRef = D793165A2C21E1D833792BD3 /* SplashView.swift */; };
		CBC08B909E21A3AE827671FF /* Theme.swift in Sources */ = {isa = PBXBuildFile; fileRef = 95C8FC71BC1A094FFDC346C3 /* Theme.swift */; };
		D88F1B15E67068F490F9941B /* TheNuusWidget.swift in Sources */ = {isa = PBXBuildFile; fileRef = 2844F07B42E3619AEEF9EDFD /* TheNuusWidget.swift */; };
		E1D78BF26046EFF467CBF584 /* StoryDetailView.swift in Sources */ = {isa = PBXBuildFile; fileRef = 967FC464636BF39D66D30C41 /* StoryDetailView.swift */; };
		F5325F5B0E729ACA4088FC25 /* TheNuusApp.swift in Sources */ = {isa = PBXBuildFile; fileRef = 35575FB67EC085BAD778C4DE /* TheNuusApp.swift */; };
		F5603D2EB2A8B52458FC01A2 /* Theme.swift in Sources */ = {isa = PBXBuildFile; fileRef = 95C8FC71BC1A094FFDC346C3 /* Theme.swift */; };
		FA448FD77501B7642A9DF686 /* MenuViews.swift in Sources */ = {isa = PBXBuildFile; fileRef = C932CF89BDE0A4150C0B7529 /* MenuViews.swift */; };
/* End PBXBuildFile section */

/* Begin PBXContainerItemProxy section */
		E86789DABB42252648949AE8 /* PBXContainerItemProxy */ = {
			isa = PBXContainerItemProxy;
			containerPortal = 3F6CC8476CE77D43DFE09F9F /* Project object */;
			proxyType = 1;
			remoteGlobalIDString = 0D1ED8525FC85F480D59EA9C;
			remoteInfo = TheNuus;
		};
		EF28A6E6A3D3E1CCFBFA1382 /* PBXContainerItemProxy */ = {
			isa = PBXContainerItemProxy;
			containerPortal = 3F6CC8476CE77D43DFE09F9F /* Project object */;
			proxyType = 1;
			remoteGlobalIDString = F710816237FFF241C2B4E38E;
			remoteInfo = TheNuusWidget;
		};
/* End PBXContainerItemProxy section */

/* Begin PBXCopyFilesBuildPhase section */
		6A139CF04899F36CC723F0CF /* Embed Foundation Extensions */ = {
			isa = PBXCopyFilesBuildPhase;
			buildActionMask = 2147483647;
			dstPath = "";
			dstSubfolderSpec = 13;
			files = (
				A84D97BB9B69B26A08511E23 /* TheNuusWidget.appex in Embed Foundation Extensions */,
			);
			name = "Embed Foundation Extensions";
			runOnlyForDeploymentPostprocessing = 0;
		};
/* End PBXCopyFilesBuildPhase section */

/* Begin PBXFileReference section */
		01EF49CCDE44331D0CF4CF1A /* Prefs.swift */ = {isa = PBXFileReference; lastKnownFileType = sourcecode.swift; path = Prefs.swift; sourceTree = "<group>"; };
		066ABB7ABE186A4325E6FDFD /* SpeechController.swift */ = {isa = PBXFileReference; lastKnownFileType = sourcecode.swift; path = SpeechController.swift; sourceTree = "<group>"; };
		228C68E9419CCA069F258FD0 /* TheNuusUITests.xctest */ = {isa = PBXFileReference; includeInIndex = 0; lastKnownFileType = wrapper.cfbundle; path = TheNuusUITests.xctest; sourceTree = BUILT_PRODUCTS_DIR; };
		22B85C265EBF619B30FBCDE3 /* ArchivoBlack-Regular.ttf */ = {isa = PBXFileReference; lastKnownFileType = file; path = "ArchivoBlack-Regular.ttf"; sourceTree = "<group>"; };
		2844F07B42E3619AEEF9EDFD /* TheNuusWidget.swift */ = {isa = PBXFileReference; lastKnownFileType = sourcecode.swift; path = TheNuusWidget.swift; sourceTree = "<group>"; };
		28A65B5FD4CA3880F87334F4 /* Model.swift */ = {isa = PBXFileReference; lastKnownFileType = sourcecode.swift; path = Model.swift; sourceTree = "<group>"; };
		35575FB67EC085BAD778C4DE /* TheNuusApp.swift */ = {isa = PBXFileReference; lastKnownFileType = sourcecode.swift; path = TheNuusApp.swift; sourceTree = "<group>"; };
		46F2F0B32CD9D61EE32E21B0 /* FeedView.swift */ = {isa = PBXFileReference; lastKnownFileType = sourcecode.swift; path = FeedView.swift; sourceTree = "<group>"; };
		6D89138887D04E0C6431177B /* NotificationManager.swift */ = {isa = PBXFileReference; lastKnownFileType = sourcecode.swift; path = NotificationManager.swift; sourceTree = "<group>"; };
		6F2A68E38FD976390564D891 /* AppShortcuts.swift */ = {isa = PBXFileReference; lastKnownFileType = sourcecode.swift; path = AppShortcuts.swift; sourceTree = "<group>"; };
		7BF14B9351AF0D217036DE53 /* SavedStore.swift */ = {isa = PBXFileReference; lastKnownFileType = sourcecode.swift; path = SavedStore.swift; sourceTree = "<group>"; };
		8160D6D378FD71BFA0375711 /* Info.plist */ = {isa = PBXFileReference; lastKnownFileType = text.plist; path = Info.plist; sourceTree = "<group>"; };
		95C8FC71BC1A094FFDC346C3 /* Theme.swift */ = {isa = PBXFileReference; lastKnownFileType = sourcecode.swift; path = Theme.swift; sourceTree = "<group>"; };
		967FC464636BF39D66D30C41 /* StoryDetailView.swift */ = {isa = PBXFileReference; lastKnownFileType = sourcecode.swift; path = StoryDetailView.swift; sourceTree = "<group>"; };
		A859A79C3D40B2226CBD8CD5 /* SettingsView.swift */ = {isa = PBXFileReference; lastKnownFileType = sourcecode.swift; path = SettingsView.swift; sourceTree = "<group>"; };
		C06D310BB50102C33EB13C25 /* Info.plist */ = {isa = PBXFileReference; lastKnownFileType = text.plist; path = Info.plist; sourceTree = "<group>"; };
		C932CF89BDE0A4150C0B7529 /* MenuViews.swift */ = {isa = PBXFileReference; lastKnownFileType = sourcecode.swift; path = MenuViews.swift; sourceTree = "<group>"; };
		D1CB45C71FC33CCED25D0053 /* RecordingFlow.swift */ = {isa = PBXFileReference; lastKnownFileType = sourcecode.swift; path = RecordingFlow.swift; sourceTree = "<group>"; };
		D793165A2C21E1D833792BD3 /* SplashView.swift */ = {isa = PBXFileReference; lastKnownFileType = sourcecode.swift; path = SplashView.swift; sourceTree = "<group>"; };
		E0A3EAF5CF0A9A9B2F718664 /* Assets.xcassets */ = {isa = PBXFileReference; lastKnownFileType = folder.assetcatalog; path = Assets.xcassets; sourceTree = "<group>"; };
		E4B7BEDDB7F9A2341CBC1538 /* SiteHeaderView.swift */ = {isa = PBXFileReference; lastKnownFileType = sourcecode.swift; path = SiteHeaderView.swift; sourceTree = "<group>"; };
		EAFE0C36DA95F59B0E452E61 /* TheNuusWidget.appex */ = {isa = PBXFileReference; includeInIndex = 0; lastKnownFileType = "wrapper.app-extension"; path = TheNuusWidget.appex; sourceTree = BUILT_PRODUCTS_DIR; };
		F1C9EAA02A635FC0E81AF916 /* TheNuus.app */ = {isa = PBXFileReference; includeInIndex = 0; lastKnownFileType = wrapper.application; path = TheNuus.app; sourceTree = BUILT_PRODUCTS_DIR; };
		F36E82F52B727D36FB0781FF /* NewsService.swift */ = {isa = PBXFileReference; lastKnownFileType = sourcecode.swift; path = NewsService.swift; sourceTree = "<group>"; };
/* End PBXFileReference section */

/* Begin PBXFrameworksBuildPhase section */
		33945D91D1BCA9116C37D94D /* Frameworks */ = {
			isa = PBXFrameworksBuildPhase;
			buildActionMask = 2147483647;
			files = (
				8CB74891A84F1CFFAB22646D /* PostHog in Frameworks */,
			);
			runOnlyForDeploymentPostprocessing = 0;
		};
/* End PBXFrameworksBuildPhase section */

/* Begin PBXGroup section */
		5F246431D44DCD631C14C985 /* TheNuus */ = {
			isa = PBXGroup;
			children = (
				6F2A68E38FD976390564D891 /* AppShortcuts.swift */,
				E0A3EAF5CF0A9A9B2F718664 /* Assets.xcassets */,
				46F2F0B32CD9D61EE32E21B0 /* FeedView.swift */,
				8160D6D378FD71BFA0375711 /* Info.plist */,
				C932CF89BDE0A4150C0B7529 /* MenuViews.swift */,
				28A65B5FD4CA3880F87334F4 /* Model.swift */,
				F36E82F52B727D36FB0781FF /* NewsService.swift */,
				6D89138887D04E0C6431177B /* NotificationManager.swift */,
				01EF49CCDE44331D0CF4CF1A /* Prefs.swift */,
				7BF14B9351AF0D217036DE53 /* SavedStore.swift */,
				A859A79C3D40B2226CBD8CD5 /* SettingsView.swift */,
				E4B7BEDDB7F9A2341CBC1538 /* SiteHeaderView.swift */,
				066ABB7ABE186A4325E6FDFD /* SpeechController.swift */,
				D793165A2C21E1D833792BD3 /* SplashView.swift */,
				967FC464636BF39D66D30C41 /* StoryDetailView.swift */,
				95C8FC71BC1A094FFDC346C3 /* Theme.swift */,
				35575FB67EC085BAD778C4DE /* TheNuusApp.swift */,
				79936603E437301D5D7F588F /* Fonts */,
			);
			path = TheNuus;
			sourceTree = "<group>";
		};
		658C1AB6AD1C64F409D50501 /* Products */ = {
			isa = PBXGroup;
			children = (
				F1C9EAA02A635FC0E81AF916 /* TheNuus.app */,
				228C68E9419CCA069F258FD0 /* TheNuusUITests.xctest */,
				EAFE0C36DA95F59B0E452E61 /* TheNuusWidget.appex */,
			);
			name = Products;
			sourceTree = "<group>";
		};
		79936603E437301D5D7F588F /* Fonts */ = {
			isa = PBXGroup;
			children = (
				22B85C265EBF619B30FBCDE3 /* ArchivoBlack-Regular.ttf */,
			);
			path = Fonts;
			sourceTree = "<group>";
		};
		D9B4AC58F9DF50958DBC9E0C /* TheNuusWidget */ = {
			isa = PBXGroup;
			children = (
				C06D310BB50102C33EB13C25 /* Info.plist */,
				2844F07B42E3619AEEF9EDFD /* TheNuusWidget.swift */,
			);
			path = TheNuusWidget;
			sourceTree = "<group>";
		};
		E4066984390373B66DDA962D = {
			isa = PBXGroup;
			children = (
				5F246431D44DCD631C14C985 /* TheNuus */,
				FA0362C7CFCF0BA2DBB01852 /* TheNuusUITests */,
				D9B4AC58F9DF50958DBC9E0C /* TheNuusWidget */,
				658C1AB6AD1C64F409D50501 /* Products */,
			);
			sourceTree = "<group>";
		};
		FA0362C7CFCF0BA2DBB01852 /* TheNuusUITests */ = {
			isa = PBXGroup;
			children = (
				D1CB45C71FC33CCED25D0053 /* RecordingFlow.swift */,
			);
			path = TheNuusUITests;
			sourceTree = "<group>";
		};
/* End PBXGroup section */

/* Begin PBXNativeTarget section */
		0D1ED8525FC85F480D59EA9C /* TheNuus */ = {
			isa = PBXNativeTarget;
			buildConfigurationList = B9384165B1213CEF12D7B8E7 /* Build configuration list for PBXNativeTarget "TheNuus" */;
			buildPhases = (
				655F74638FAA036ED106E4FD /* Sources */,
				C3F97E68B96EE207AE13B76E /* Resources */,
				33945D91D1BCA9116C37D94D /* Frameworks */,
				6A139CF04899F36CC723F0CF /* Embed Foundation Extensions */,
			);
			buildRules = (
			);
			dependencies = (
				273BF5B226437B56535A3F89 /* PBXTargetDependency */,
			);
			name = TheNuus;
			packageProductDependencies = (
				F98D643186F132635897CC24 /* PostHog */,
			);
			productName = TheNuus;
			productReference = F1C9EAA02A635FC0E81AF916 /* TheNuus.app */;
			productType = "com.apple.product-type.application";
		};
		739D993DF66F496CF664EB0E /* TheNuusUITests */ = {
			isa = PBXNativeTarget;
			buildConfigurationList = 35CFEFE707F4474B23EF638E /* Build configuration list for PBXNativeTarget "TheNuusUITests" */;
			buildPhases = (
				F2CDAD8E95E84F7B43F0D062 /* Sources */,
			);
			buildRules = (
			);
			dependencies = (
				95BBB9BF2317C196AAED5E66 /* PBXTargetDependency */,
			);
			name = TheNuusUITests;
			packageProductDependencies = (
			);
			productName = TheNuusUITests;
			productReference = 228C68E9419CCA069F258FD0 /* TheNuusUITests.xctest */;
			productType = "com.apple.product-type.bundle.ui-testing";
		};
		F710816237FFF241C2B4E38E /* TheNuusWidget */ = {
			isa = PBXNativeTarget;
			buildConfigurationList = 2BC25A7B8523B9B4A0A1EA11 /* Build configuration list for PBXNativeTarget "TheNuusWidget" */;
			buildPhases = (
				981BE94E350C7B716F572EE0 /* Sources */,
				A35FC05DB1ED55F9AFE6919B /* Resources */,
			);
			buildRules = (
			);
			dependencies = (
			);
			name = TheNuusWidget;
			packageProductDependencies = (
			);
			productName = TheNuusWidget;
			productReference = EAFE0C36DA95F59B0E452E61 /* TheNuusWidget.appex */;
			productType = "com.apple.product-type.app-extension";
		};
/* End PBXNativeTarget section */

/* Begin PBXProject section */
		3F6CC8476CE77D43DFE09F9F /* Project object */ = {
			isa = PBXProject;
			attributes = {
				BuildIndependentTargetsInParallel = YES;
				LastUpgradeCheck = 1430;
				TargetAttributes = {
					739D993DF66F496CF664EB0E = {
						TestTargetID = 0D1ED8525FC85F480D59EA9C;
					};
				};
			};
			buildConfigurationList = D741B569EAE20A975A6D743A /* Build configuration list for PBXProject "TheNuus" */;
			developmentRegion = en;
			hasScannedForEncodings = 0;
			knownRegions = (
				Base,
				en,
			);
			mainGroup = E4066984390373B66DDA962D;
			minimizedProjectReferenceProxies = 1;
			packageReferences = (
				4C83B11413558B27E447EE4B /* XCRemoteSwiftPackageReference "posthog-ios" */,
			);
			preferredProjectObjectVersion = 77;
			productRefGroup = 658C1AB6AD1C64F409D50501 /* Products */;
			projectDirPath = "";
			projectRoot = "";
			targets = (
				0D1ED8525FC85F480D59EA9C /* TheNuus */,
				739D993DF66F496CF664EB0E /* TheNuusUITests */,
				F710816237FFF241C2B4E38E /* TheNuusWidget */,
			);
		};
/* End PBXProject section */

/* Begin PBXResourcesBuildPhase section */
		A35FC05DB1ED55F9AFE6919B /* Resources */ = {
			isa = PBXResourcesBuildPhase;
			buildActionMask = 2147483647;
			files = (
				304ED686A2477563B2C0A5E5 /* ArchivoBlack-Regular.ttf in Resources */,
			);
			runOnlyForDeploymentPostprocessing = 0;
		};
		C3F97E68B96EE207AE13B76E /* Resources */ = {
			isa = PBXResourcesBuildPhase;
			buildActionMask = 2147483647;
			files = (
				0A4FB2D9FC5B60BB18976198 /* ArchivoBlack-Regular.ttf in Resources */,
				26AAA77446B44AA74DAE4125 /* Assets.xcassets in Resources */,
			);
			runOnlyForDeploymentPostprocessing = 0;
		};
/* End PBXResourcesBuildPhase section */

/* Begin PBXSourcesBuildPhase section */
		655F74638FAA036ED106E4FD /* Sources */ = {
			isa = PBXSourcesBuildPhase;
			buildActionMask = 2147483647;
			files = (
				0A4A8B4E60F52F17B76CEE65 /* AppShortcuts.swift in Sources */,
				7D96010584C4998131982BE6 /* FeedView.swift in Sources */,
				FA448FD77501B7642A9DF686 /* MenuViews.swift in Sources */,
				31DDD18BAFA941863F7CDA08 /* Model.swift in Sources */,
				A33C453631A4710CA986BDE6 /* NewsService.swift in Sources */,
				6FACFEC10FD6C0CDD46FE315 /* NotificationManager.swift in Sources */,
				9CC20AD16D1E0803410052C3 /* Prefs.swift in Sources */,
				386CB83292E1FF721D434432 /* SavedStore.swift in Sources */,
				B10D3F523D4E7F9063C8E25D /* SettingsView.swift in Sources */,
				AA71575A5FF0D9159A7C49FA /* SiteHeaderView.swift in Sources */,
				567B8AD57804AE8A1B818C9C /* SpeechController.swift in Sources */,
				C9A4083D51E7E6E8E1C4A82B /* SplashView.swift in Sources */,
				E1D78BF26046EFF467CBF584 /* StoryDetailView.swift in Sources */,
				F5325F5B0E729ACA4088FC25 /* TheNuusApp.swift in Sources */,
				CBC08B909E21A3AE827671FF /* Theme.swift in Sources */,
			);
			runOnlyForDeploymentPostprocessing = 0;
		};
		981BE94E350C7B716F572EE0 /* Sources */ = {
			isa = PBXSourcesBuildPhase;
			buildActionMask = 2147483647;
			files = (
				71F87A1D37B30D5DE80F23E4 /* Model.swift in Sources */,
				D88F1B15E67068F490F9941B /* TheNuusWidget.swift in Sources */,
				F5603D2EB2A8B52458FC01A2 /* Theme.swift in Sources */,
			);
			runOnlyForDeploymentPostprocessing = 0;
		};
		F2CDAD8E95E84F7B43F0D062 /* Sources */ = {
			isa = PBXSourcesBuildPhase;
			buildActionMask = 2147483647;
			files = (
				92F7E3358DAD8C078C703ECE /* RecordingFlow.swift in Sources */,
			);
			runOnlyForDeploymentPostprocessing = 0;
		};
/* End PBXSourcesBuildPhase section */

/* Begin PBXTargetDependency section */
		273BF5B226437B56535A3F89 /* PBXTargetDependency */ = {
			isa = PBXTargetDependency;
			target = F710816237FFF241C2B4E38E /* TheNuusWidget */;
			targetProxy = EF28A6E6A3D3E1CCFBFA1382 /* PBXContainerItemProxy */;
		};
		95BBB9BF2317C196AAED5E66 /* PBXTargetDependency */ = {
			isa = PBXTargetDependency;
			target = 0D1ED8525FC85F480D59EA9C /* TheNuus */;
			targetProxy = E86789DABB42252648949AE8 /* PBXContainerItemProxy */;
		};
/* End PBXTargetDependency section */

/* Begin XCBuildConfiguration section */
		0B179B249E91DE8D3C4A03E9 /* Release */ = {
			isa = XCBuildConfiguration;
			buildSettings = {
				ASSETCATALOG_COMPILER_APPICON_NAME = AppIcon;
				ASSETCATALOG_COMPILER_GLOBAL_ACCENT_COLOR_NAME = AccentColor;
				CODE_SIGN_IDENTITY = "iPhone Developer";
				INFOPLIST_FILE = TheNuus/Info.plist;
				LD_RUNPATH_SEARCH_PATHS = (
					"$(inherited)",
					"@executable_path/Frameworks",
				);
				PRODUCT_BUNDLE_IDENTIFIER = com.thenuus.app;
				PRODUCT_NAME = "The Nuus";
				SDKROOT = iphoneos;
				TARGETED_DEVICE_FAMILY = "1,2";
			};
			name = Release;
		};
		0D318518FBA2D06F4B9C3538 /* Debug */ = {
			isa = XCBuildConfiguration;
			buildSettings = {
				ASSETCATALOG_COMPILER_APPICON_NAME = AppIcon;
				ASSETCATALOG_COMPILER_GLOBAL_ACCENT_COLOR_NAME = AccentColor;
				CODE_SIGN_IDENTITY = "iPhone Developer";
				INFOPLIST_FILE = TheNuus/Info.plist;
				LD_RUNPATH_SEARCH_PATHS = (
					"$(inherited)",
					"@executable_path/Frameworks",
				);
				PRODUCT_BUNDLE_IDENTIFIER = com.thenuus.app;
				PRODUCT_NAME = "The Nuus";
				SDKROOT = iphoneos;
				TARGETED_DEVICE_FAMILY = "1,2";
			};
			name = Debug;
		};
		18FA08500E0BD74281222119 /* Release */ = {
			isa = XCBuildConfiguration;
			buildSettings = {
				BUNDLE_LOADER = "$(TEST_HOST)";
				LD_RUNPATH_SEARCH_PATHS = (
					"$(inherited)",
					"@executable_path/Frameworks",
					"@loader_path/Frameworks",
				);
				PRODUCT_BUNDLE_IDENTIFIER = com.thenuus.app.UITests;
				SDKROOT = iphoneos;
				TARGETED_DEVICE_FAMILY = "1,2";
				TEST_TARGET_NAME = TheNuus;
			};
			name = Release;
		};
		454B1EB0EF7113F79EC9EF1A /* Debug */ = {
			isa = XCBuildConfiguration;
			buildSettings = {
				INFOPLIST_FILE = TheNuusWidget/Info.plist;
				LD_RUNPATH_SEARCH_PATHS = (
					"$(inherited)",
					"@executable_path/Frameworks",
					"@executable_path/../../Frameworks",
				);
				PRODUCT_BUNDLE_IDENTIFIER = com.thenuus.app.NuusWidget;
				SDKROOT = iphoneos;
				SKIP_INSTALL = YES;
				TARGETED_DEVICE_FAMILY = "1,2";
			};
			name = Debug;
		};
		4AEA267BB222EAFF7FD2E11F /* Release */ = {
			isa = XCBuildConfiguration;
			buildSettings = {
				ALWAYS_SEARCH_USER_PATHS = NO;
				CLANG_ANALYZER_NONNULL = YES;
				CLANG_ANALYZER_NUMBER_OBJECT_CONVERSION = YES_AGGRESSIVE;
				CLANG_CXX_LANGUAGE_STANDARD = "gnu++14";
				CLANG_CXX_LIBRARY = "libc++";
				CLANG_ENABLE_MODULES = YES;
				CLANG_ENABLE_OBJC_ARC = YES;
				CLANG_ENABLE_OBJC_WEAK = YES;
				CLANG_WARN_BLOCK_CAPTURE_AUTORELEASING = YES;
				CLANG_WARN_BOOL_CONVERSION = YES;
				CLANG_WARN_COMMA = YES;
				CLANG_WARN_CONSTANT_CONVERSION = YES;
				CLANG_WARN_DEPRECATED_OBJC_IMPLEMENTATIONS = YES;
				CLANG_WARN_DIRECT_OBJC_ISA_USAGE = YES_ERROR;
				CLANG_WARN_DOCUMENTATION_COMMENTS = YES;
				CLANG_WARN_EMPTY_BODY = YES;
				CLANG_WARN_ENUM_CONVERSION = YES;
				CLANG_WARN_INFINITE_RECURSION = YES;
				CLANG_WARN_INT_CONVERSION = YES;
				CLANG_WARN_NON_LITERAL_NULL_CONVERSION = YES;
				CLANG_WARN_OBJC_IMPLICIT_RETAIN_SELF = YES;
				CLANG_WARN_OBJC_LITERAL_CONVERSION = YES;
				CLANG_WARN_OBJC_ROOT_CLASS = YES_ERROR;
				CLANG_WARN_QUOTED_INCLUDE_IN_FRAMEWORK_HEADER = YES;
				CLANG_WARN_RANGE_LOOP_ANALYSIS = YES;
				CLANG_WARN_STRICT_PROTOTYPES = YES;
				CLANG_WARN_SUSPICIOUS_MOVE = YES;
				CLANG_WARN_UNGUARDED_AVAILABILITY = YES_AGGRESSIVE;
				CLANG_WARN_UNREACHABLE_CODE = YES;
				CLANG_WARN__DUPLICATE_METHOD_MATCH = YES;
				COPY_PHASE_STRIP = NO;
				CURRENT_PROJECT_VERSION = 202608191200;
				DEBUG_INFORMATION_FORMAT = "dwarf-with-dsym";
				ENABLE_NS_ASSERTIONS = NO;
				ENABLE_STRICT_OBJC_MSGSEND = YES;
				ENABLE_USER_SCRIPT_SANDBOXING = YES;
				GCC_C_LANGUAGE_STANDARD = gnu11;
				GCC_NO_COMMON_BLOCKS = YES;
				GCC_WARN_64_TO_32_BIT_CONVERSION = YES;
				GCC_WARN_ABOUT_RETURN_TYPE = YES_ERROR;
				GCC_WARN_UNDECLARED_SELECTOR = YES;
				GCC_WARN_UNINITIALIZED_AUTOS = YES_AGGRESSIVE;
				GCC_WARN_UNUSED_FUNCTION = YES;
				GCC_WARN_UNUSED_VARIABLE = YES;
				IPHONEOS_DEPLOYMENT_TARGET = 17.0;
				MARKETING_VERSION = 1.1;
				MTL_ENABLE_DEBUG_INFO = NO;
				MTL_FAST_MATH = YES;
				PRODUCT_NAME = "$(TARGET_NAME)";
				SDKROOT = iphoneos;
				SWIFT_COMPILATION_MODE = wholemodule;
				SWIFT_OPTIMIZATION_LEVEL = "-O";
				SWIFT_VERSION = 5.9;
			};
			name = Release;
		};
		63E0A21BBA3BBD7DAD2076EC /* Debug */ = {
			isa = XCBuildConfiguration;
			buildSettings = {
				BUNDLE_LOADER = "$(TEST_HOST)";
				LD_RUNPATH_SEARCH_PATHS = (
					"$(inherited)",
					"@executable_path/Frameworks",
					"@loader_path/Frameworks",
				);
				PRODUCT_BUNDLE_IDENTIFIER = com.thenuus.app.UITests;
				SDKROOT = iphoneos;
				TARGETED_DEVICE_FAMILY = "1,2";
				TEST_TARGET_NAME = TheNuus;
			};
			name = Debug;
		};
		835B16B860570A7EF7A2BDB4 /* Release */ = {
			isa = XCBuildConfiguration;
			buildSettings = {
				INFOPLIST_FILE = TheNuusWidget/Info.plist;
				LD_RUNPATH_SEARCH_PATHS = (
					"$(inherited)",
					"@executable_path/Frameworks",
					"@executable_path/../../Frameworks",
				);
				PRODUCT_BUNDLE_IDENTIFIER = com.thenuus.app.NuusWidget;
				SDKROOT = iphoneos;
				SKIP_INSTALL = YES;
				TARGETED_DEVICE_FAMILY = "1,2";
			};
			name = Release;
		};
		ECC611DE6C4E090956F09C59 /* Debug */ = {
			isa = XCBuildConfiguration;
			buildSettings = {
				ALWAYS_SEARCH_USER_PATHS = NO;
				CLANG_ANALYZER_NONNULL = YES;
				CLANG_ANALYZER_NUMBER_OBJECT_CONVERSION = YES_AGGRESSIVE;
				CLANG_CXX_LANGUAGE_STANDARD = "gnu++14";
				CLANG_CXX_LIBRARY = "libc++";
				CLANG_ENABLE_MODULES = YES;
				CLANG_ENABLE_OBJC_ARC = YES;
				CLANG_ENABLE_OBJC_WEAK = YES;
				CLANG_WARN_BLOCK_CAPTURE_AUTORELEASING = YES;
				CLANG_WARN_BOOL_CONVERSION = YES;
				CLANG_WARN_COMMA = YES;
				CLANG_WARN_CONSTANT_CONVERSION = YES;
				CLANG_WARN_DEPRECATED_OBJC_IMPLEMENTATIONS = YES;
				CLANG_WARN_DIRECT_OBJC_ISA_USAGE = YES_ERROR;
				CLANG_WARN_DOCUMENTATION_COMMENTS = YES;
				CLANG_WARN_EMPTY_BODY = YES;
				CLANG_WARN_ENUM_CONVERSION = YES;
				CLANG_WARN_INFINITE_RECURSION = YES;
				CLANG_WARN_INT_CONVERSION = YES;
				CLANG_WARN_NON_LITERAL_NULL_CONVERSION = YES;
				CLANG_WARN_OBJC_IMPLICIT_RETAIN_SELF = YES;
				CLANG_WARN_OBJC_LITERAL_CONVERSION = YES;
				CLANG_WARN_OBJC_ROOT_CLASS = YES_ERROR;
				CLANG_WARN_QUOTED_INCLUDE_IN_FRAMEWORK_HEADER = YES;
				CLANG_WARN_RANGE_LOOP_ANALYSIS = YES;
				CLANG_WARN_STRICT_PROTOTYPES = YES;
				CLANG_WARN_SUSPICIOUS_MOVE = YES;
				CLANG_WARN_UNGUARDED_AVAILABILITY = YES_AGGRESSIVE;
				CLANG_WARN_UNREACHABLE_CODE = YES;
				CLANG_WARN__DUPLICATE_METHOD_MATCH = YES;
				COPY_PHASE_STRIP = NO;
				CURRENT_PROJECT_VERSION = 202608191200;
				DEBUG_INFORMATION_FORMAT = dwarf;
				ENABLE_STRICT_OBJC_MSGSEND = YES;
				ENABLE_TESTABILITY = YES;
				ENABLE_USER_SCRIPT_SANDBOXING = YES;
				GCC_C_LANGUAGE_STANDARD = gnu11;
				GCC_DYNAMIC_NO_PIC = NO;
				GCC_NO_COMMON_BLOCKS = YES;
				GCC_OPTIMIZATION_LEVEL = 0;
				GCC_PREPROCESSOR_DEFINITIONS = (
					"$(inherited)",
					"DEBUG=1",
				);
				GCC_WARN_64_TO_32_BIT_CONVERSION = YES;
				GCC_WARN_ABOUT_RETURN_TYPE = YES_ERROR;
				GCC_WARN_UNDECLARED_SELECTOR = YES;
				GCC_WARN_UNINITIALIZED_AUTOS = YES_AGGRESSIVE;
				GCC_WARN_UNUSED_FUNCTION = YES;
				GCC_WARN_UNUSED_VARIABLE = YES;
				IPHONEOS_DEPLOYMENT_TARGET = 17.0;
				MARKETING_VERSION = 1.1;
				MTL_ENABLE_DEBUG_INFO = INCLUDE_SOURCE;
				MTL_FAST_MATH = YES;
				ONLY_ACTIVE_ARCH = YES;
				PRODUCT_NAME = "$(TARGET_NAME)";
				SDKROOT = iphoneos;
				SWIFT_ACTIVE_COMPILATION_CONDITIONS = DEBUG;
				SWIFT_OPTIMIZATION_LEVEL = "-Onone";
				SWIFT_VERSION = 5.9;
			};
			name = Debug;
		};
/* End XCBuildConfiguration section */

/* Begin XCConfigurationList section */
		2BC25A7B8523B9B4A0A1EA11 /* Build configuration list for PBXNativeTarget "TheNuusWidget" */ = {
			isa = XCConfigurationList;
			buildConfigurations = (
				454B1EB0EF7113F79EC9EF1A /* Debug */,
				835B16B860570A7EF7A2BDB4 /* Release */,
			);
			defaultConfigurationIsVisible = 0;
			defaultConfigurationName = Debug;
		};
		35CFEFE707F4474B23EF638E /* Build configuration list for PBXNativeTarget "TheNuusUITests" */ = {
			isa = XCConfigurationList;
			buildConfigurations = (
				63E0A21BBA3BBD7DAD2076EC /* Debug */,
				18FA08500E0BD74281222119 /* Release */,
			);
			defaultConfigurationIsVisible = 0;
			defaultConfigurationName = Debug;
		};
		B9384165B1213CEF12D7B8E7 /* Build configuration list for PBXNativeTarget "TheNuus" */ = {
			isa = XCConfigurationList;
			buildConfigurations = (
				0D318518FBA2D06F4B9C3538 /* Debug */,
				0B179B249E91DE8D3C4A03E9 /* Release */,
			);
			defaultConfigurationIsVisible = 0;
			defaultConfigurationName = Debug;
		};
		D741B569EAE20A975A6D743A /* Build configuration list for PBXProject "TheNuus" */ = {
			isa = XCConfigurationList;
			buildConfigurations = (
				ECC611DE6C4E090956F09C59 /* Debug */,
				4AEA267BB222EAFF7FD2E11F /* Release */,
			);
			defaultConfigurationIsVisible = 0;
			defaultConfigurationName = Debug;
		};
/* End XCConfigurationList section */

/* Begin XCRemoteSwiftPackageReference section */
		4C83B11413558B27E447EE4B /* XCRemoteSwiftPackageReference "posthog-ios" */ = {
			isa = XCRemoteSwiftPackageReference;
			repositoryURL = "https://github.com/PostHog/posthog-ios";
			requirement = {
				kind = upToNextMajorVersion;
				minimumVersion = 3.0.0;
			};
		};
/* End XCRemoteSwiftPackageReference section */

/* Begin XCSwiftPackageProductDependency section */
		F98D643186F132635897CC24 /* PostHog */ = {
			isa = XCSwiftPackageProductDependency;
			package = 4C83B11413558B27E447EE4B /* XCRemoteSwiftPackageReference "posthog-ios" */;
			productName = PostHog;
		};
/* End XCSwiftPackageProductDependency section */
	};
	rootObject = 3F6CC8476CE77D43DFE09F9F /* Project object */;
}
